// !$*UTF8*$!
{
	archiveVersion = 1;
	classes = {
	};
	objectVersion = 46;
	objects = {

/* Begin PBXBuildFile section */
		6CBD1D251E9188D7006D1BE4 /* main.m in Sources */ = {isa = PBXBuildFile; fileRef = 6CBD1D241E9188D7006D1BE4 /* main.m */; };
		6CBD1D281E9188D7006D1BE4 /* AppDelegate.m in Sources */ = {isa = PBXBuildFile; fileRef = 6CBD1D271E9188D7006D1BE4 /* AppDelegate.m */; };
		6CBD1D2B1E9188D7006D1BE4 /* ViewController.m in Sources */ = {isa = PBXBuildFile; fileRef = 6CBD1D2A1E9188D7006D1BE4 /* ViewController.m */; };
		6CBD1D2E1E9188D7006D1BE4 /* Main.storyboard in Resources */ = {isa = PBXBuildFile; fileRef = 6CBD1D2C1E9188D7006D1BE4 /* Main.storyboard */; };
		6CBD1D301E9188D7006D1BE4 /* Assets.xcassets in Resources */ = {isa = PBXBuildFile; fileRef = 6CBD1D2F1E9188D7006D1BE4 /* Assets.xcassets */; };
		6CBD1D331E9188D7006D1BE4 /* LaunchScreen.storyboard in Resources */ = {isa = PBXBuildFile; fileRef = 6CBD1D311E9188D7006D1BE4 /* LaunchScreen.storyboard */; };
		6CBD1D3C1E91B1A3006D1BE4 /* plantInfo.m in Sources */ = {isa = PBXBuildFile; fileRef = 6CBD1D3B1E91B1A3006D1BE4 /* plantInfo.m */; };
		6CBD1D741E91EE4E006D1BE4 /* Cauliflower_Stage_1.png in Resources */ = {isa = PBXBuildFile; fileRef = 6CBD1D3F1E91EE4E006D1BE4 /* Cauliflower_Stage_1.png */; };
		6CBD1D751E91EE4E006D1BE4 /* Cauliflower_Stage_2.png in Resources */ = {isa = PBXBuildFile; fileRef = 6CBD1D401E91EE4E006D1BE4 /* Cauliflower_Stage_2.png */; };
		6CBD1D761E91EE4E006D1BE4 /* Cauliflower_Stage_3.png in Resources */ = {isa = PBXBuildFile; fileRef = 6CBD1D411E91EE4E006D1BE4 /* Cauliflower_Stage_3.png */; };
		6CBD1D771E91EE4E006D1BE4 /* Cauliflower_Stage_4.png in Resources */ = {isa = PBXBuildFile; fileRef = 6CBD1D421E91EE4E006D1BE4 /* Cauliflower_Stage_4.png */; };
		6CBD1D781E91EE4E006D1BE4 /* Cauliflower_Stage_5.png in Resources */ = {isa = PBXBuildFile; fileRef = 6CBD1D431E91EE4E006D1BE4 /* Cauliflower_Stage_5.png */; };
		6CBD1D791E91EE4E006D1BE4 /* Cauliflower_Stage_6.png in Resources */ = {isa = PBXBuildFile; fileRef = 6CBD1D441E91EE4E006D1BE4 /* Cauliflower_Stage_6.png */; };
		6CBD1D7A1E91EE4E006D1BE4 /* Melon_Stage_1.png in Resources */ = {isa = PBXBuildFile; fileRef = 6CBD1D461E91EE4E006D1BE4 /* Melon_Stage_1.png */; };
		6CBD1D7B1E91EE4E006D1BE4 /* Melon_Stage_2.png in Resources */ = {isa = PBXBuildFile; fileRef = 6CBD1D471E91EE4E006D1BE4 /* Melon_Stage_2.png */; };
		6CBD1D7C1E91EE4E006D1BE4 /* Melon_Stage_3.png in Resources */ = {isa = PBXBuildFile; fileRef = 6CBD1D481E91EE4E006D1BE4 /* Melon_Stage_3.png */; };
		6CBD1D7D1E91EE4E006D1BE4 /* Melon_Stage_4.png in Resources */ = {isa = PBXBuildFile; fileRef = 6CBD1D491E91EE4E006D1BE4 /* Melon_Stage_4.png */; };
		6CBD1D7E1E91EE4E006D1BE4 /* Melon_Stage_5.png in Resources */ = {isa = PBXBuildFile; fileRef = 6CBD1D4A1E91EE4E006D1BE4 /* Melon_Stage_5.png */; };
		6CBD1D7F1E91EE4E006D1BE4 /* Melon_Stage_6.png in Resources */ = {isa = PBXBuildFile; fileRef = 6CBD1D4B1E91EE4E006D1BE4 /* Melon_Stage_6.png */; };
		6CBD1D801E91EE4E006D1BE4 /* Potato_Stage_1.png in Resources */ = {isa = PBXBuildFile; fileRef = 6CBD1D4D1E91EE4E006D1BE4 /* Potato_Stage_1.png */; };
		6CBD1D811E91EE4E006D1BE4 /* Potato_Stage_2.png in Resources */ = {isa = PBXBuildFile; fileRef = 6CBD1D4E1E91EE4E006D1BE4 /* Potato_Stage_2.png */; };
		6CBD1D821E91EE4E006D1BE4 /* Potato_Stage_3.png in Resources */ = {isa = PBXBuildFile; fileRef = 6CBD1D4F1E91EE4E006D1BE4 /* Potato_Stage_3.png */; };
		6CBD1D831E91EE4E006D1BE4 /* Potato_Stage_4.png in Resources */ = {isa = PBXBuildFile; fileRef = 6CBD1D501E91EE4E006D1BE4 /* Potato_Stage_4.png */; };
		6CBD1D841E91EE4E006D1BE4 /* Potato_Stage_5.png in Resources */ = {isa = PBXBuildFile; fileRef = 6CBD1D511E91EE4E006D1BE4 /* Potato_Stage_5.png */; };
		6CBD1D851E91EE4E006D1BE4 /* Potato_Stage_6.png in Resources */ = {isa = PBXBuildFile; fileRef = 6CBD1D521E91EE4E006D1BE4 /* Potato_Stage_6.png */; };
		6CBD1D861E91EE4E006D1BE4 /* Pumpkin_Stage_1.png in Resources */ = {isa = PBXBuildFile; fileRef = 6CBD1D541E91EE4E006D1BE4 /* Pumpkin_Stage_1.png */; };
		6CBD1D871E91EE4E006D1BE4 /* Pumpkin_Stage_2.png in Resources */ = {isa = PBXBuildFile; fileRef = 6CBD1D551E91EE4E006D1BE4 /* Pumpkin_Stage_2.png */; };
		6CBD1D881E91EE4E006D1BE4 /* Pumpkin_Stage_3.png in Resources */ = {isa = PBXBuildFile; fileRef = 6CBD1D561E91EE4E006D1BE4 /* Pumpkin_Stage_3.png */; };
		6CBD1D891E91EE4E006D1BE4 /* Pumpkin_Stage_4.png in Resources */ = {isa = PBXBuildFile; fileRef = 6CBD1D571E91EE4E006D1BE4 /* Pumpkin_Stage_4.png */; };
		6CBD1D8A1E91EE4E006D1BE4 /* Pumpkin_Stage_5.png in Resources */ = {isa = PBXBuildFile; fileRef = 6CBD1D581E91EE4E006D1BE4 /* Pumpkin_Stage_5.png */; };
		6CBD1D8B1E91EE4E006D1BE4 /* Pumpkin_Stage_6.png in Resources */ = {isa = PBXBuildFile; fileRef = 6CBD1D591E91EE4E006D1BE4 /* Pumpkin_Stage_6.png */; };
		6CBD1D8C1E91EE4E006D1BE4 /* Radish_Stage_1.png in Resources */ = {isa = PBXBuildFile; fileRef = 6CBD1D5B1E91EE4E006D1BE4 /* Radish_Stage_1.png */; };
		6CBD1D8D1E91EE4E006D1BE4 /* Radish_Stage_2.png in Resources */ = {isa = PBXBuildFile; fileRef = 6CBD1D5C1E91EE4E006D1BE4 /* Radish_Stage_2.png */; };
		6CBD1D8E1E91EE4E006D1BE4 /* Radish_Stage_3.png in Resources */ = {isa = PBXBuildFile; fileRef = 6CBD1D5D1E91EE4E006D1BE4 /* Radish_Stage_3.png */; };
		6CBD1D8F1E91EE4E006D1BE4 /* Radish_Stage_4.png in Resources */ = {isa = PBXBuildFile; fileRef = 6CBD1D5E1E91EE4E006D1BE4 /* Radish_Stage_4.png */; };
		6CBD1D901E91EE4E006D1BE4 /* Radish_Stage_5.png in Resources */ = {isa = PBXBuildFile; fileRef = 6CBD1D5F1E91EE4E006D1BE4 /* Radish_Stage_5.png */; };
		6CBD1D911E91EE4E006D1BE4 /* Sunflower_Stage_1.png in Resources */ = {isa = PBXBuildFile; fileRef = 6CBD1D611E91EE4E006D1BE4 /* Sunflower_Stage_1.png */; };
		6CBD1D921E91EE4E006D1BE4 /* Sunflower_Stage_2.png in Resources */ = {isa = PBXBuildFile; fileRef = 6CBD1D621E91EE4E006D1BE4 /* Sunflower_Stage_2.png */; };
		6CBD1D931E91EE4E006D1BE4 /* Sunflower_Stage_3.png in Resources */ = {isa = PBXBuildFile; fileRef = 6CBD1D631E91EE4E006D1BE4 /* Sunflower_Stage_3.png */; };
		6CBD1D941E91EE4E006D1BE4 /* Sunflower_Stage_4.png in Resources */ = {isa = PBXBuildFile; fileRef = 6CBD1D641E91EE4E006D1BE4 /* Sunflower_Stage_4.png */; };
		6CBD1D951E91EE4E006D1BE4 /* Sunflower_Stage_5.png in Resources */ = {isa = PBXBuildFile; fileRef = 6CBD1D651E91EE4E006D1BE4 /* Sunflower_Stage_5.png */; };
		6CBD1D971E91EE4E006D1BE4 /* Sweet_Gem_Berry_Stage_1.png in Resources */ = {isa = PBXBuildFile; fileRef = 6CBD1D681E91EE4E006D1BE4 /* Sweet_Gem_Berry_Stage_1.png */; };
		6CBD1D981E91EE4E006D1BE4 /* Sweet_Gem_Berry_Stage_2.png in Resources */ = {isa = PBXBuildFile; fileRef = 6CBD1D691E91EE4E006D1BE4 /* Sweet_Gem_Berry_Stage_2.png */; };
		6CBD1D991E91EE4E006D1BE4 /* Sweet_Gem_Berry_Stage_3.png in Resources */ = {isa = PBXBuildFile; fileRef = 6CBD1D6A1E91EE4E006D1BE4 /* Sweet_Gem_Berry_Stage_3.png */; };
		6CBD1D9A1E91EE4E006D1BE4 /* Sweet_Gem_Berry_Stage_4.png in Resources */ = {isa = PBXBuildFile; fileRef = 6CBD1D6B1E91EE4E006D1BE4 /* Sweet_Gem_Berry_Stage_4.png */; };
		6CBD1D9B1E91EE4E006D1BE4 /* Sweet_Gem_Berry_Stage_5.png in Resources */ = {isa = PBXBuildFile; fileRef = 6CBD1D6C1E91EE4E006D1BE4 /* Sweet_Gem_Berry_Stage_5.png */; };
		6CBD1D9C1E91EE4E006D1BE4 /* Sweet_Gem_Berry_Stage_6.png in Resources */ = {isa = PBXBuildFile; fileRef = 6CBD1D6D1E91EE4E006D1BE4 /* Sweet_Gem_Berry_Stage_6.png */; };
		6CBD1D9D1E91EE4E006D1BE4 /* Tulip_Stage_1.png in Resources */ = {isa = PBXBuildFile; fileRef = 6CBD1D6F1E91EE4E006D1BE4 /* Tulip_Stage_1.png */; };
		6CBD1D9E1E91EE4E006D1BE4 /* Tulip_Stage_2.png in Resources */ = {isa = PBXBuildFile; fileRef = 6CBD1D701E91EE4E006D1BE4 /* Tulip_Stage_2.png */; };
		6CBD1D9F1E91EE4E006D1BE4 /* Tulip_Stage_3.png in Resources */ = {isa = PBXBuildFile; fileRef = 6CBD1D711E91EE4E006D1BE4 /* Tulip_Stage_3.png */; };
		6CBD1DA01E91EE4E006D1BE4 /* Tulip_Stage_4.png in Resources */ = {isa = PBXBuildFile; fileRef = 6CBD1D721E91EE4E006D1BE4 /* Tulip_Stage_4.png */; };
		6CBD1DA11E91EE4E006D1BE4 /* Tulip_Stage_5.png in Resources */ = {isa = PBXBuildFile; fileRef = 6CBD1D731E91EE4E006D1BE4 /* Tulip_Stage_5.png */; };
		6CBD1DA41E920698006D1BE4 /* wateringCan.png in Resources */ = {isa = PBXBuildFile; fileRef = 6CBD1DA31E920698006D1BE4 /* wateringCan.png */; };
		6CBD1DA61E920DAD006D1BE4 /* harvest.png in Resources */ = {isa = PBXBuildFile; fileRef = 6CBD1DA51E920DAD006D1BE4 /* harvest.png */; };
		6CBD1DA81E920EE9006D1BE4 /* dryfloor.png in Resources */ = {isa = PBXBuildFile; fileRef = 6CBD1DA71E920EE9006D1BE4 /* dryfloor.png */; };
/* End PBXBuildFile section */

/* Begin PBXFileReference section */
		6CBD1D201E9188D7006D1BE4 /* Final Project-Kim.app */ = {isa = PBXFileReference; explicitFileType = wrapper.application; includeInIndex = 0; path = "Final Project-Kim.app"; sourceTree = BUILT_PRODUCTS_DIR; };
		6CBD1D241E9188D7006D1BE4 /* main.m */ = {isa = PBXFileReference; lastKnownFileType = sourcecode.c.objc; path = main.m; sourceTree = "<group>"; };
		6CBD1D261E9188D7006D1BE4 /* AppDelegate.h */ = {isa = PBXFileReference; lastKnownFileType = sourcecode.c.h; path = AppDelegate.h; sourceTree = "<group>"; };
		6CBD1D271E9188D7006D1BE4 /* AppDelegate.m */ = {isa = PBXFileReference; lastKnownFileType = sourcecode.c.objc; path = AppDelegate.m; sourceTree = "<group>"; };
		6CBD1D291E9188D7006D1BE4 /* ViewController.h */ = {isa = PBXFileReference; lastKnownFileType = sourcecode.c.h; path = ViewController.h; sourceTree = "<group>"; };
		6CBD1D2A1E9188D7006D1BE4 /* ViewController.m */ = {isa = PBXFileReference; lastKnownFileType = sourcecode.c.objc; path = ViewController.m; sourceTree = "<group>"; };
		6CBD1D2D1E9188D7006D1BE4 /* Base */ = {isa = PBXFileReference; lastKnownFileType = file.storyboard; name = Base; path = Base.lproj/Main.storyboard; sourceTree = "<group>"; };
		6CBD1D2F1E9188D7006D1BE4 /* Assets.xcassets */ = {isa = PBXFileReference; lastKnownFileType = folder.assetcatalog; path = Assets.xcassets; sourceTree = "<group>"; };
		6CBD1D321E9188D7006D1BE4 /* Base */ = {isa = PBXFileReference; lastKnownFileType = file.storyboard; name = Base; path = Base.lproj/LaunchScreen.storyboard; sourceTree = "<group>"; };
		6CBD1D341E9188D7006D1BE4 /* Info.plist */ = {isa = PBXFileReference; lastKnownFileType = text.plist.xml; path = Info.plist; sourceTree = "<group>"; };
		6CBD1D3A1E91B177006D1BE4 /* plantInfo.h */ = {isa = PBXFileReference; lastKnownFileType = sourcecode.c.h; path = plantInfo.h; sourceTree = "<group>"; };
		6CBD1D3B1E91B1A3006D1BE4 /* plantInfo.m */ = {isa = PBXFileReference; fileEncoding = 4; lastKnownFileType = sourcecode.c.objc; path = plantInfo.m; sourceTree = "<group>"; };
		6CBD1D3F1E91EE4E006D1BE4 /* Cauliflower_Stage_1.png */ = {isa = PBXFileReference; lastKnownFileType = image.png; path = Cauliflower_Stage_1.png; sourceTree = "<group>"; };
		6CBD1D401E91EE4E006D1BE4 /* Cauliflower_Stage_2.png */ = {isa = PBXFileReference; lastKnownFileType = image.png; path = Cauliflower_Stage_2.png; sourceTree = "<group>"; };
		6CBD1D411E91EE4E006D1BE4 /* Cauliflower_Stage_3.png */ = {isa = PBXFileReference; lastKnownFileType = image.png; path = Cauliflower_Stage_3.png; sourceTree = "<group>"; };
		6CBD1D421E91EE4E006D1BE4 /* Cauliflower_Stage_4.png */ = {isa = PBXFileReference; lastKnownFileType = image.png; path = Cauliflower_Stage_4.png; sourceTree = "<group>"; };
		6CBD1D431E91EE4E006D1BE4 /* Cauliflower_Stage_5.png */ = {isa = PBXFileReference; lastKnownFileType = image.png; path = Cauliflower_Stage_5.png; sourceTree = "<group>"; };
		6CBD1D441E91EE4E006D1BE4 /* Cauliflower_Stage_6.png */ = {isa = PBXFileReference; lastKnownFileType = image.png; path = Cauliflower_Stage_6.png; sourceTree = "<group>"; };
		6CBD1D461E91EE4E006D1BE4 /* Melon_Stage_1.png */ = {isa = PBXFileReference; lastKnownFileType = image.png; path = Melon_Stage_1.png; sourceTree = "<group>"; };
		6CBD1D471E91EE4E006D1BE4 /* Melon_Stage_2.png */ = {isa = PBXFileReference; lastKnownFileType = image.png; path = Melon_Stage_2.png; sourceTree = "<group>"; };
		6CBD1D481E91EE4E006D1BE4 /* Melon_Stage_3.png */ = {isa = PBXFileReference; lastKnownFileType = image.png; path = Melon_Stage_3.png; sourceTree = "<group>"; };
		6CBD1D491E91EE4E006D1BE4 /* Melon_Stage_4.png */ = {isa = PBXFileReference; lastKnownFileType = image.png; path = Melon_Stage_4.png; sourceTree = "<group>"; };
		6CBD1D4A1E91EE4E006D1BE4 /* Melon_Stage_5.png */ = {isa = PBXFileReference; lastKnownFileType = image.png; path = Melon_Stage_5.png; sourceTree = "<group>"; };
		6CBD1D4B1E91EE4E006D1BE4 /* Melon_Stage_6.png */ = {isa = PBXFileReference; lastKnownFileType = image.png; path = Melon_Stage_6.png; sourceTree = "<group>"; };
		6CBD1D4D1E91EE4E006D1BE4 /* Potato_Stage_1.png */ = {isa = PBXFileReference; lastKnownFileType = image.png; path = Potato_Stage_1.png; sourceTree = "<group>"; };
		6CBD1D4E1E91EE4E006D1BE4 /* Potato_Stage_2.png */ = {isa = PBXFileReference; lastKnownFileType = image.png; path = Potato_Stage_2.png; sourceTree = "<group>"; };
		6CBD1D4F1E91EE4E006D1BE4 /* Potato_Stage_3.png */ = {isa = PBXFileReference; lastKnownFileType = image.png; path = Potato_Stage_3.png; sourceTree = "<group>"; };
		6CBD1D501E91EE4E006D1BE4 /* Potato_Stage_4.png */ = {isa = PBXFileReference; lastKnownFileType = image.png; path = Potato_Stage_4.png; sourceTree = "<group>"; };
		6CBD1D511E91EE4E006D1BE4 /* Potato_Stage_5.png */ = {isa = PBXFileReference; lastKnownFileType = image.png; path = Potato_Stage_5.png; sourceTree = "<group>"; };
		6CBD1D521E91EE4E006D1BE4 /* Potato_Stage_6.png */ = {isa = PBXFileReference; lastKnownFileType = image.png; path = Potato_Stage_6.png; sourceTree = "<group>"; };
		6CBD1D541E91EE4E006D1BE4 /* Pumpkin_Stage_1.png */ = {isa = PBXFileReference; lastKnownFileType = image.png; path = Pumpkin_Stage_1.png; sourceTree = "<group>"; };
		6CBD1D551E91EE4E006D1BE4 /* Pumpkin_Stage_2.png */ = {isa = PBXFileReference; lastKnownFileType = image.png; path = Pumpkin_Stage_2.png; sourceTree = "<group>"; };
		6CBD1D561E91EE4E006D1BE4 /* Pumpkin_Stage_3.png */ = {isa = PBXFileReference; lastKnownFileType = image.png; path = Pumpkin_Stage_3.png; sourceTree = "<group>"; };
		6CBD1D571E91EE4E006D1BE4 /* Pumpkin_Stage_4.png */ = {isa = PBXFileReference; lastKnownFileType = image.png; path = Pumpkin_Stage_4.png; sourceTree = "<group>"; };
		6CBD1D581E91EE4E006D1BE4 /* Pumpkin_Stage_5.png */ = {isa = PBXFileReference; lastKnownFileType = image.png; path = Pumpkin_Stage_5.png; sourceTree = "<group>"; };
		6CBD1D591E91EE4E006D1BE4 /* Pumpkin_Stage_6.png */ = {isa = PBXFileReference; lastKnownFileType = image.png; path = Pumpkin_Stage_6.png; sourceTree = "<group>"; };
		6CBD1D5B1E91EE4E006D1BE4 /* Radish_Stage_1.png */ = {isa = PBXFileReference; lastKnownFileType = image.png; path = Radish_Stage_1.png; sourceTree = "<group>"; };
		6CBD1D5C1E91EE4E006D1BE4 /* Radish_Stage_2.png */ = {isa = PBXFileReference; lastKnownFileType = image.png; path = Radish_Stage_2.png; sourceTree = "<group>"; };
		6CBD1D5D1E91EE4E006D1BE4 /* Radish_Stage_3.png */ = {isa = PBXFileReference; lastKnownFileType = image.png; path = Radish_Stage_3.png; sourceTree = "<group>"; };
		6CBD1D5E1E91EE4E006D1BE4 /* Radish_Stage_4.png */ = {isa = PBXFileReference; lastKnownFileType = image.png; path = Radish_Stage_4.png; sourceTree = "<group>"; };
		6CBD1D5F1E91EE4E006D1BE4 /* Radish_Stage_5.png */ = {isa = PBXFileReference; lastKnownFileType = image.png; path = Radish_Stage_5.png; sourceTree = "<group>"; };
		6CBD1D611E91EE4E006D1BE4 /* Sunflower_Stage_1.png */ = {isa = PBXFileReference; lastKnownFileType = image.png; path = Sunflower_Stage_1.png; sourceTree = "<group>"; };
		6CBD1D621E91EE4E006D1BE4 /* Sunflower_Stage_2.png */ = {isa = PBXFileReference; lastKnownFileType = image.png; path = Sunflower_Stage_2.png; sourceTree = "<group>"; };
		6CBD1D631E91EE4E006D1BE4 /* Sunflower_Stage_3.png */ = {isa = PBXFileReference; lastKnownFileType = image.png; path = Sunflower_Stage_3.png; sourceTree = "<group>"; };
		6CBD1D641E91EE4E006D1BE4 /* Sunflower_Stage_4.png */ = {isa = PBXFileReference; lastKnownFileType = image.png; path = Sunflower_Stage_4.png; sourceTree = "<group>"; };
		6CBD1D651E91EE4E006D1BE4 /* Sunflower_Stage_5.png */ = {isa = PBXFileReference; lastKnownFileType = image.png; path = Sunflower_Stage_5.png; sourceTree = "<group>"; };
		6CBD1D681E91EE4E006D1BE4 /* Sweet_Gem_Berry_Stage_1.png */ = {isa = PBXFileReference; lastKnownFileType = image.png; path = Sweet_Gem_Berry_Stage_1.png; sourceTree = "<group>"; };
		6CBD1D691E91EE4E006D1BE4 /* Sweet_Gem_Berry_Stage_2.png */ = {isa = PBXFileReference; lastKnownFileType = image.png; path = Sweet_Gem_Berry_Stage_2.png; sourceTree = "<group>"; };
		6CBD1D6A1E91EE4E006D1BE4 /* Sweet_Gem_Berry_Stage_3.png */ = {isa = PBXFileReference; lastKnownFileType = image.png; path = Sweet_Gem_Berry_Stage_3.png; sourceTree = "<group>"; };
		6CBD1D6B1E91EE4E006D1BE4 /* Sweet_Gem_Berry_Stage_4.png */ = {isa = PBXFileReference; lastKnownFileType = image.png; path = Sweet_Gem_Berry_Stage_4.png; sourceTree = "<group>"; };
		6CBD1D6C1E91EE4E006D1BE4 /* Sweet_Gem_Berry_Stage_5.png */ = {isa = PBXFileReference; lastKnownFileType = image.png; path = Sweet_Gem_Berry_Stage_5.png; sourceTree = "<group>"; };
		6CBD1D6D1E91EE4E006D1BE4 /* Sweet_Gem_Berry_Stage_6.png */ = {isa = PBXFileReference; lastKnownFileType = image.png; path = Sweet_Gem_Berry_Stage_6.png; sourceTree = "<group>"; };
		6CBD1D6F1E91EE4E006D1BE4 /* Tulip_Stage_1.png */ = {isa = PBXFileReference; lastKnownFileType = image.png; path = Tulip_Stage_1.png; sourceTree = "<group>"; };
		6CBD1D701E91EE4E006D1BE4 /* Tulip_Stage_2.png */ = {isa = PBXFileReference; lastKnownFileType = image.png; path = Tulip_Stage_2.png; sourceTree = "<group>"; };
		6CBD1D711E91EE4E006D1BE4 /* Tulip_Stage_3.png */ = {isa = PBXFileReference; lastKnownFileType = image.png; path = Tulip_Stage_3.png; sourceTree = "<group>"; };
		6CBD1D721E91EE4E006D1BE4 /* Tulip_Stage_4.png */ = {isa = PBXFileReference; lastKnownFileType = image.png; path = Tulip_Stage_4.png; sourceTree = "<group>"; };
		6CBD1D731E91EE4E006D1BE4 /* Tulip_Stage_5.png */ = {isa = PBXFileReference; lastKnownFileType = image.png; path = Tulip_Stage_5.png; sourceTree = "<group>"; };
		6CBD1DA31E920698006D1BE4 /* wateringCan.png */ = {isa = PBXFileReference; lastKnownFileType = image.png; path = wateringCan.png; sourceTree = "<group>"; };
		6CBD1DA51E920DAD006D1BE4 /* harvest.png */ = {isa = PBXFileReference; lastKnownFileType = image.png; path = harvest.png; sourceTree = "<group>"; };
		6CBD1DA71E920EE9006D1BE4 /* dryfloor.png */ = {isa = PBXFileReference; lastKnownFileType = image.png; name = dryfloor.png; path = groundPictures/dryfloor.png; sourceTree = "<group>"; };
/* End PBXFileReference section */

/* Begin PBXFrameworksBuildPhase section */
		6CBD1D1D1E9188D7006D1BE4 /* Frameworks */ = {
			isa = PBXFrameworksBuildPhase;
			buildActionMask = 2147483647;
			files = (
			);
			runOnlyForDeploymentPostprocessing = 0;
		};
/* End PBXFrameworksBuildPhase section */

/* Begin PBXGroup section */
		6CBD1D171E9188D7006D1BE4 = {
			isa = PBXGroup;
			children = (
				6CBD1D221E9188D7006D1BE4 /* Final Project-Kim */,
				6CBD1D211E9188D7006D1BE4 /* Products */,
			);
			sourceTree = "<group>";
		};
		6CBD1D211E9188D7006D1BE4 /* Products */ = {
			isa = PBXGroup;
			children = (
				6CBD1D201E9188D7006D1BE4 /* Final Project-Kim.app */,
			);
			name = Products;
			sourceTree = "<group>";
		};
		6CBD1D221E9188D7006D1BE4 /* Final Project-Kim */ = {
			isa = PBXGroup;
			children = (
				6CBD1D261E9188D7006D1BE4 /* AppDelegate.h */,
				6CBD1D271E9188D7006D1BE4 /* AppDelegate.m */,
				6CBD1D291E9188D7006D1BE4 /* ViewController.h */,
				6CBD1D2A1E9188D7006D1BE4 /* ViewController.m */,
				6CBD1DA21E920698006D1BE4 /* OtherPictures */,
				6CBD1D3A1E91B177006D1BE4 /* plantInfo.h */,
				6CBD1D3B1E91B1A3006D1BE4 /* plantInfo.m */,
				6CBD1D3D1E91EE4E006D1BE4 /* Plants */,
				6CBD1D2C1E9188D7006D1BE4 /* Main.storyboard */,
				6CBD1DA71E920EE9006D1BE4 /* dryfloor.png */,
				6CBD1D2F1E9188D7006D1BE4 /* Assets.xcassets */,
				6CBD1D311E9188D7006D1BE4 /* LaunchScreen.storyboard */,
				6CBD1D341E9188D7006D1BE4 /* Info.plist */,
				6CBD1D231E9188D7006D1BE4 /* Supporting Files */,
			);
			path = "Final Project-Kim";
			sourceTree = "<group>";
		};
		6CBD1D231E9188D7006D1BE4 /* Supporting Files */ = {
			isa = PBXGroup;
			children = (
				6CBD1D241E9188D7006D1BE4 /* main.m */,
			);
			name = "Supporting Files";
			sourceTree = "<group>";
		};
		6CBD1D3D1E91EE4E006D1BE4 /* Plants */ = {
			isa = PBXGroup;
			children = (
				6CBD1D3E1E91EE4E006D1BE4 /* Cauliflower */,
				6CBD1D451E91EE4E006D1BE4 /* Melon */,
				6CBD1D4C1E91EE4E006D1BE4 /* Potato */,
				6CBD1D531E91EE4E006D1BE4 /* Pumpkin */,
				6CBD1D5A1E91EE4E006D1BE4 /* Radish */,
				6CBD1D601E91EE4E006D1BE4 /* Sunflower */,
				6CBD1D661E91EE4E006D1BE4 /* SweetGemBerry */,
				6CBD1D6E1E91EE4E006D1BE4 /* Tulip */,
			);
			path = Plants;
			sourceTree = "<group>";
		};
		6CBD1D3E1E91EE4E006D1BE4 /* Cauliflower */ = {
			isa = PBXGroup;
			children = (
				6CBD1D3F1E91EE4E006D1BE4 /* Cauliflower_Stage_1.png */,
				6CBD1D401E91EE4E006D1BE4 /* Cauliflower_Stage_2.png */,
				6CBD1D411E91EE4E006D1BE4 /* Cauliflower_Stage_3.png */,
				6CBD1D421E91EE4E006D1BE4 /* Cauliflower_Stage_4.png */,
				6CBD1D431E91EE4E006D1BE4 /* Cauliflower_Stage_5.png */,
				6CBD1D441E91EE4E006D1BE4 /* Cauliflower_Stage_6.png */,
			);
			path = Cauliflower;
			sourceTree = "<group>";
		};
		6CBD1D451E91EE4E006D1BE4 /* Melon */ = {
			isa = PBXGroup;
			children = (
				6CBD1D461E91EE4E006D1BE4 /* Melon_Stage_1.png */,
				6CBD1D471E91EE4E006D1BE4 /* Melon_Stage_2.png */,
				6CBD1D481E91EE4E006D1BE4 /* Melon_Stage_3.png */,
				6CBD1D491E91EE4E006D1BE4 /* Melon_Stage_4.png */,
				6CBD1D4A1E91EE4E006D1BE4 /* Melon_Stage_5.png */,
				6CBD1D4B1E91EE4E006D1BE4 /* Melon_Stage_6.png */,
			);
			path = Melon;
			sourceTree = "<group>";
		};
		6CBD1D4C1E91EE4E006D1BE4 /* Potato */ = {
			isa = PBXGroup;
			children = (
				6CBD1D4D1E91EE4E006D1BE4 /* Potato_Stage_1.png */,
				6CBD1D4E1E91EE4E006D1BE4 /* Potato_Stage_2.png */,
				6CBD1D4F1E91EE4E006D1BE4 /* Potato_Stage_3.png */,
				6CBD1D501E91EE4E006D1BE4 /* Potato_Stage_4.png */,
				6CBD1D511E91EE4E006D1BE4 /* Potato_Stage_5.png */,
				6CBD1D521E91EE4E006D1BE4 /* Potato_Stage_6.png */,
			);
			path = Potato;
			sourceTree = "<group>";
		};
		6CBD1D531E91EE4E006D1BE4 /* Pumpkin */ = {
			isa = PBXGroup;
			children = (
				6CBD1D541E91EE4E006D1BE4 /* Pumpkin_Stage_1.png */,
				6CBD1D551E91EE4E006D1BE4 /* Pumpkin_Stage_2.png */,
				6CBD1D561E91EE4E006D1BE4 /* Pumpkin_Stage_3.png */,
				6CBD1D571E91EE4E006D1BE4 /* Pumpkin_Stage_4.png */,
				6CBD1D581E91EE4E006D1BE4 /* Pumpkin_Stage_5.png */,
				6CBD1D591E91EE4E006D1BE4 /* Pumpkin_Stage_6.png */,
			);
			path = Pumpkin;
			sourceTree = "<group>";
		};
		6CBD1D5A1E91EE4E006D1BE4 /* Radish */ = {
			isa = PBXGroup;
			children = (
				6CBD1D5B1E91EE4E006D1BE4 /* Radish_Stage_1.png */,
				6CBD1D5C1E91EE4E006D1BE4 /* Radish_Stage_2.png */,
				6CBD1D5D1E91EE4E006D1BE4 /* Radish_Stage_3.png */,
				6CBD1D5E1E91EE4E006D1BE4 /* Radish_Stage_4.png */,
				6CBD1D5F1E91EE4E006D1BE4 /* Radish_Stage_5.png */,
			);
			path = Radish;
			sourceTree = "<group>";
		};
		6CBD1D601E91EE4E006D1BE4 /* Sunflower */ = {
			isa = PBXGroup;
			children = (
				6CBD1D611E91EE4E006D1BE4 /* Sunflower_Stage_1.png */,
				6CBD1D621E91EE4E006D1BE4 /* Sunflower_Stage_2.png */,
				6CBD1D631E91EE4E006D1BE4 /* Sunflower_Stage_3.png */,
				6CBD1D641E91EE4E006D1BE4 /* Sunflower_Stage_4.png */,
				6CBD1D651E91EE4E006D1BE4 /* Sunflower_Stage_5.png */,
			);
			path = Sunflower;
			sourceTree = "<group>";
		};
		6CBD1D661E91EE4E006D1BE4 /* SweetGemBerry */ = {
			isa = PBXGroup;
			children = (
				6CBD1D681E91EE4E006D1BE4 /* Sweet_Gem_Berry_Stage_1.png */,
				6CBD1D691E91EE4E006D1BE4 /* Sweet_Gem_Berry_Stage_2.png */,
				6CBD1D6A1E91EE4E006D1BE4 /* Sweet_Gem_Berry_Stage_3.png */,
				6CBD1D6B1E91EE4E006D1BE4 /* Sweet_Gem_Berry_Stage_4.png */,
				6CBD1D6C1E91EE4E006D1BE4 /* Sweet_Gem_Berry_Stage_5.png */,
				6CBD1D6D1E91EE4E006D1BE4 /* Sweet_Gem_Berry_Stage_6.png */,
			);
			path = SweetGemBerry;
			sourceTree = "<group>";
		};
		6CBD1D6E1E91EE4E006D1BE4 /* Tulip */ = {
			isa = PBXGroup;
			children = (
				6CBD1D6F1E91EE4E006D1BE4 /* Tulip_Stage_1.png */,
				6CBD1D701E91EE4E006D1BE4 /* Tulip_Stage_2.png */,
				6CBD1D711E91EE4E006D1BE4 /* Tulip_Stage_3.png */,
				6CBD1D721E91EE4E006D1BE4 /* Tulip_Stage_4.png */,
				6CBD1D731E91EE4E006D1BE4 /* Tulip_Stage_5.png */,
			);
			path = Tulip;
			sourceTree = "<group>";
		};
		6CBD1DA21E920698006D1BE4 /* OtherPictures */ = {
			isa = PBXGroup;
			children = (
				6CBD1DA51E920DAD006D1BE4 /* harvest.png */,
				6CBD1DA31E920698006D1BE4 /* wateringCan.png */,
			);
			path = OtherPictures;
			sourceTree = "<group>";
		};
/* End PBXGroup section */

/* Begin PBXNativeTarget section */
		6CBD1D1F1E9188D7006D1BE4 /* Final Project-Kim */ = {
			isa = PBXNativeTarget;
			buildConfigurationList = 6CBD1D371E9188D7006D1BE4 /* Build configuration list for PBXNativeTarget "Final Project-Kim" */;
			buildPhases = (
				6CBD1D1C1E9188D7006D1BE4 /* Sources */,
				6CBD1D1D1E9188D7006D1BE4 /* Frameworks */,
				6CBD1D1E1E9188D7006D1BE4 /* Resources */,
			);
			buildRules = (
			);
			dependencies = (
			);
			name = "Final Project-Kim";
			productName = "Final Project-Kim";
			productReference = 6CBD1D201E9188D7006D1BE4 /* Final Project-Kim.app */;
			productType = "com.apple.product-type.application";
		};
/* End PBXNativeTarget section */

/* Begin PBXProject section */
		6CBD1D181E9188D7006D1BE4 /* Project object */ = {
			isa = PBXProject;
			attributes = {
				LastUpgradeCheck = 0820;
				ORGANIZATIONNAME = Joe;
				TargetAttributes = {
					6CBD1D1F1E9188D7006D1BE4 = {
						CreatedOnToolsVersion = 8.2.1;
						ProvisioningStyle = Automatic;
					};
				};
			};
			buildConfigurationList = 6CBD1D1B1E9188D7006D1BE4 /* Build configuration list for PBXProject "Final Project-Kim" */;
			compatibilityVersion = "Xcode 3.2";
			developmentRegion = English;
			hasScannedForEncodings = 0;
			knownRegions = (
				en,
				Base,
			);
			mainGroup = 6CBD1D171E9188D7006D1BE4;
			productRefGroup = 6CBD1D211E9188D7006D1BE4 /* Products */;
			projectDirPath = "";
			projectRoot = "";
			targets = (
				6CBD1D1F1E9188D7006D1BE4 /* Final Project-Kim */,
			);
		};
/* End PBXProject section */

/* Begin PBXResourcesBuildPhase section */
		6CBD1D1E1E9188D7006D1BE4 /* Resources */ = {
			isa = PBXResourcesBuildPhase;
			buildActionMask = 2147483647;
			files = (
				6CBD1D971E91EE4E006D1BE4 /* Sweet_Gem_Berry_Stage_1.png in Resources */,
				6CBD1D951E91EE4E006D1BE4 /* Sunflower_Stage_5.png in Resources */,
				6CBD1D811E91EE4E006D1BE4 /* Potato_Stage_2.png in Resources */,
				6CBD1DA11E91EE4E006D1BE4 /* Tulip_Stage_5.png in Resources */,
				6CBD1D851E91EE4E006D1BE4 /* Potato_Stage_6.png in Resources */,
				6CBD1DA61E920DAD006D1BE4 /* harvest.png in Resources */,
				6CBD1D7E1E91EE4E006D1BE4 /* Melon_Stage_5.png in Resources */,
				6CBD1D9D1E91EE4E006D1BE4 /* Tulip_Stage_1.png in Resources */,
				6CBD1D9E1E91EE4E006D1BE4 /* Tulip_Stage_2.png in Resources */,
				6CBD1D921E91EE4E006D1BE4 /* Sunflower_Stage_2.png in Resources */,
				6CBD1DA01E91EE4E006D1BE4 /* Tulip_Stage_4.png in Resources */,
				6CBD1D7C1E91EE4E006D1BE4 /* Melon_Stage_3.png in Resources */,
				6CBD1D331E9188D7006D1BE4 /* LaunchScreen.storyboard in Resources */,
				6CBD1DA41E920698006D1BE4 /* wateringCan.png in Resources */,
				6CBD1D891E91EE4E006D1BE4 /* Pumpkin_Stage_4.png in Resources */,
				6CBD1D9A1E91EE4E006D1BE4 /* Sweet_Gem_Berry_Stage_4.png in Resources */,
				6CBD1D9F1E91EE4E006D1BE4 /* Tulip_Stage_3.png in Resources */,
				6CBD1D7B1E91EE4E006D1BE4 /* Melon_Stage_2.png in Resources */,
				6CBD1D901E91EE4E006D1BE4 /* Radish_Stage_5.png in Resources */,
				6CBD1D871E91EE4E006D1BE4 /* Pumpkin_Stage_2.png in Resources */,
				6CBD1D791E91EE4E006D1BE4 /* Cauliflower_Stage_6.png in Resources */,
				6CBD1D981E91EE4E006D1BE4 /* Sweet_Gem_Berry_Stage_2.png in Resources */,
				6CBD1D8F1E91EE4E006D1BE4 /* Radish_Stage_4.png in Resources */,
				6CBD1D751E91EE4E006D1BE4 /* Cauliflower_Stage_2.png in Resources */,
				6CBD1D841E91EE4E006D1BE4 /* Potato_Stage_5.png in Resources */,
				6CBD1D8B1E91EE4E006D1BE4 /* Pumpkin_Stage_6.png in Resources */,
				6CBD1D301E9188D7006D1BE4 /* Assets.xcassets in Resources */,
				6CBD1D8E1E91EE4E006D1BE4 /* Radish_Stage_3.png in Resources */,
				6CBD1D7A1E91EE4E006D1BE4 /* Melon_Stage_1.png in Resources */,
				6CBD1D741E91EE4E006D1BE4 /* Cauliflower_Stage_1.png in Resources */,
				6CBD1D7F1E91EE4E006D1BE4 /* Melon_Stage_6.png in Resources */,
				6CBD1D771E91EE4E006D1BE4 /* Cauliflower_Stage_4.png in Resources */,
				6CBD1D9B1E91EE4E006D1BE4 /* Sweet_Gem_Berry_Stage_5.png in Resources */,
				6CBD1D761E91EE4E006D1BE4 /* Cauliflower_Stage_3.png in Resources */,
				6CBD1D861E91EE4E006D1BE4 /* Pumpkin_Stage_1.png in Resources */,
				6CBD1D911E91EE4E006D1BE4 /* Sunflower_Stage_1.png in Resources */,
				6CBD1D9C1E91EE4E006D1BE4 /* Sweet_Gem_Berry_Stage_6.png in Resources */,
				6CBD1D821E91EE4E006D1BE4 /* Potato_Stage_3.png in Resources */,
				6CBD1D8A1E91EE4E006D1BE4 /* Pumpkin_Stage_5.png in Resources */,
				6CBD1D8D1E91EE4E006D1BE4 /* Radish_Stage_2.png in Resources */,
				6CBD1D7D1E91EE4E006D1BE4 /* Melon_Stage_4.png in Resources */,
				6CBD1D931E91EE4E006D1BE4 /* Sunflower_Stage_3.png in Resources */,
				6CBD1D831E91EE4E006D1BE4 /* Potato_Stage_4.png in Resources */,
				6CBD1DA81E920EE9006D1BE4 /* dryfloor.png in Resources */,
				6CBD1D991E91EE4E006D1BE4 /* Sweet_Gem_Berry_Stage_3.png in Resources */,
				6CBD1D781E91EE4E006D1BE4 /* Cauliflower_Stage_5.png in Resources */,
				6CBD1D941E91EE4E006D1BE4 /* Sunflower_Stage_4.png in Resources */,
				6CBD1D2E1E9188D7006D1BE4 /* Main.storyboard in Resources */,
				6CBD1D801E91EE4E006D1BE4 /* Potato_Stage_1.png in Resources */,
				6CBD1D881E91EE4E006D1BE4 /* Pumpkin_Stage_3.png in Resources */,
				6CBD1D8C1E91EE4E006D1BE4 /* Radish_Stage_1.png in Resources */,
			);
			runOnlyForDeploymentPostprocessing = 0;
		};
/* End PBXResourcesBuildPhase section */

/* Begin PBXSourcesBuildPhase section */
		6CBD1D1C1E9188D7006D1BE4 /* Sources */ = {
			isa = PBXSourcesBuildPhase;
			buildActionMask = 2147483647;
			files = (
				6CBD1D2B1E9188D7006D1BE4 /* ViewController.m in Sources */,
				6CBD1D281E9188D7006D1BE4 /* AppDelegate.m in Sources */,
				6CBD1D251E9188D7006D1BE4 /* main.m in Sources */,
				6CBD1D3C1E91B1A3006D1BE4 /* plantInfo.m in Sources */,
			);
			runOnlyForDeploymentPostprocessing = 0;
		};
/* End PBXSourcesBuildPhase section */

/* Begin PBXVariantGroup section */
		6CBD1D2C1E9188D7006D1BE4 /* Main.storyboard */ = {
			isa = PBXVariantGroup;
			children = (
				6CBD1D2D1E9188D7006D1BE4 /* Base */,
			);
			name = Main.storyboard;
			sourceTree = "<group>";
		};
		6CBD1D311E9188D7006D1BE4 /* LaunchScreen.storyboard */ = {
			isa = PBXVariantGroup;
			children = (
				6CBD1D321E9188D7006D1BE4 /* Base */,
			);
			name = LaunchScreen.storyboard;
			sourceTree = "<group>";
		};
/* End PBXVariantGroup section */

/* Begin XCBuildConfiguration section */
		6CBD1D351E9188D7006D1BE4 /* Debug */ = {
			isa = XCBuildConfiguration;
			buildSettings = {
				ALWAYS_SEARCH_USER_PATHS = NO;
				CLANG_ANALYZER_NONNULL = YES;
				CLANG_CXX_LANGUAGE_STANDARD = "gnu++0x";
				CLANG_CXX_LIBRARY = "libc++";
				CLANG_ENABLE_MODULES = YES;
				CLANG_ENABLE_OBJC_ARC = YES;
				CLANG_WARN_BOOL_CONVERSION = YES;
				CLANG_WARN_CONSTANT_CONVERSION = YES;
				CLANG_WARN_DIRECT_OBJC_ISA_USAGE = YES_ERROR;
				CLANG_WARN_DOCUMENTATION_COMMENTS = YES;
				CLANG_WARN_EMPTY_BODY = YES;
				CLANG_WARN_ENUM_CONVERSION = YES;
				CLANG_WARN_INFINITE_RECURSION = YES;
				CLANG_WARN_INT_CONVERSION = YES;
				CLANG_WARN_OBJC_ROOT_CLASS = YES_ERROR;
				CLANG_WARN_SUSPICIOUS_MOVE = YES;
				CLANG_WARN_UNREACHABLE_CODE = YES;
				CLANG_WARN__DUPLICATE_METHOD_MATCH = YES;
				"CODE_SIGN_IDENTITY[sdk=iphoneos*]" = "iPhone Developer";
				COPY_PHASE_STRIP = NO;
				DEBUG_INFORMATION_FORMAT = dwarf;
				ENABLE_STRICT_OBJC_MSGSEND = YES;
				ENABLE_TESTABILITY = YES;
				GCC_C_LANGUAGE_STANDARD = gnu99;
				GCC_DYNAMIC_NO_PIC = NO;
				GCC_NO_COMMON_BLOCKS = YES;
				GCC_OPTIMIZATION_LEVEL = 0;
				GCC_PREPROCESSOR_DEFINITIONS = (
					"DEBUG=1",
					"$(inherited)",
				);
				GCC_WARN_64_TO_32_BIT_CONVERSION = YES;
				GCC_WARN_ABOUT_RETURN_TYPE = YES_ERROR;
				GCC_WARN_UNDECLARED_SELECTOR = YES;
				GCC_WARN_UNINITIALIZED_AUTOS = YES_AGGRESSIVE;
				GCC_WARN_UNUSED_FUNCTION = YES;
				GCC_WARN_UNUSED_VARIABLE = YES;
				IPHONEOS_DEPLOYMENT_TARGET = 10.2;
				MTL_ENABLE_DEBUG_INFO = YES;
				ONLY_ACTIVE_ARCH = YES;
				SDKROOT = iphoneos;
			};
			name = Debug;
		};
		6CBD1D361E9188D7006D1BE4 /* Release */ = {
			isa = XCBuildConfiguration;
			buildSettings = {
				ALWAYS_SEARCH_USER_PATHS = NO;
				CLANG_ANALYZER_NONNULL = YES;
				CLANG_CXX_LANGUAGE_STANDARD = "gnu++0x";
				CLANG_CXX_LIBRARY = "libc++";
				CLANG_ENABLE_MODULES = YES;
				CLANG_ENABLE_OBJC_ARC = YES;
				CLANG_WARN_BOOL_CONVERSION = YES;
				CLANG_WARN_CONSTANT_CONVERSION = YES;
				CLANG_WARN_DIRECT_OBJC_ISA_USAGE = YES_ERROR;
				CLANG_WARN_DOCUMENTATION_COMMENTS = YES;
				CLANG_WARN_EMPTY_BODY = YES;
				CLANG_WARN_ENUM_CONVERSION = YES;
				CLANG_WARN_INFINITE_RECURSION = YES;
				CLANG_WARN_INT_CONVERSION = YES;
				CLANG_WARN_OBJC_ROOT_CLASS = YES_ERROR;
				CLANG_WARN_SUSPICIOUS_MOVE = YES;
				CLANG_WARN_UNREACHABLE_CODE = YES;
				CLANG_WARN__DUPLICATE_METHOD_MATCH = YES;
				"CODE_SIGN_IDENTITY[sdk=iphoneos*]" = "iPhone Developer";
				COPY_PHASE_STRIP = NO;
				DEBUG_INFORMATION_FORMAT = "dwarf-with-dsym";
				ENABLE_NS_ASSERTIONS = NO;
				ENABLE_STRICT_OBJC_MSGSEND = YES;
				GCC_C_LANGUAGE_STANDARD = gnu99;
				GCC_NO_COMMON_BLOCKS = YES;
				GCC_WARN_64_TO_32_BIT_CONVERSION = YES;
				GCC_WARN_ABOUT_RETURN_TYPE = YES_ERROR;
				GCC_WARN_UNDECLARED_SELECTOR = YES;
				GCC_WARN_UNINITIALIZED_AUTOS = YES_AGGRESSIVE;
				GCC_WARN_UNUSED_FUNCTION = YES;
				GCC_WARN_UNUSED_VARIABLE = YES;
				IPHONEOS_DEPLOYMENT_TARGET = 10.2;
				MTL_ENABLE_DEBUG_INFO = NO;
				SDKROOT = iphoneos;
				VALIDATE_PRODUCT = YES;
			};
			name = Release;
		};
		6CBD1D381E9188D7006D1BE4 /* Debug */ = {
			isa = XCBuildConfiguration;
			buildSettings = {
				ASSETCATALOG_COMPILER_APPICON_NAME = AppIcon;
				INFOPLIST_FILE = "Final Project-Kim/Info.plist";
				LD_RUNPATH_SEARCH_PATHS = "$(inherited) @executable_path/Frameworks";
				PRODUCT_BUNDLE_IDENTIFIER = "Joe.Final-Project-Kim";
				PRODUCT_NAME = "$(TARGET_NAME)";
			};
			name = Debug;
		};
		6CBD1D391E9188D7006D1BE4 /* Release */ = {
			isa = XCBuildConfiguration;
			buildSettings = {
				ASSETCATALOG_COMPILER_APPICON_NAME = AppIcon;
				INFOPLIST_FILE = "Final Project-Kim/Info.plist";
				LD_RUNPATH_SEARCH_PATHS = "$(inherited) @executable_path/Frameworks";
				PRODUCT_BUNDLE_IDENTIFIER = "Joe.Final-Project-Kim";
				PRODUCT_NAME = "$(TARGET_NAME)";
			};
			name = Release;
		};
/* End XCBuildConfiguration section */

/* Begin XCConfigurationList section */
		6CBD1D1B1E9188D7006D1BE4 /* Build configuration list for PBXProject "Final Project-Kim" */ = {
			isa = XCConfigurationList;
			buildConfigurations = (
				6CBD1D351E9188D7006D1BE4 /* Debug */,
				6CBD1D361E9188D7006D1BE4 /* Release */,
			);
			defaultConfigurationIsVisible = 0;
			defaultConfigurationName = Release;
		};
		6CBD1D371E9188D7006D1BE4 /* Build configuration list for PBXNativeTarget "Final Project-Kim" */ = {
			isa = XCConfigurationList;
			buildConfigurations = (
				6CBD1D381E9188D7006D1BE4 /* Debug */,
				6CBD1D391E9188D7006D1BE4 /* Release */,
			);
			defaultConfigurationIsVisible = 0;
			defaultConfigurationName = Release;
		};
/* End XCConfigurationList section */
	};
	rootObject = 6CBD1D181E9188D7006D1BE4 /* Project object */;
}
